
Microsoft Visual Studio Solution File, Format Version 12.00
# Visual Studio Version 17
VisualStudioVersion = 17.2.32630.192
MinimumVisualStudioVersion = 10.0.40219.1
Project("{FAE04EC0-301F-11D3-BF4B-00C04F79EFBC}") = "Practice2_S5", "Practice2_S5\Practice2_S5.csproj", "{65BEFD4C-5381-45C8-B0FC-A6457BC8B157}"
EndProject
Global
	GlobalSection(SolutionConfigurationPlatforms) = preSolution
		Debug|Any CPU = Debug|Any CPU
		Release|Any CPU = Release|Any CPU
	EndGlobalSection
	GlobalSection(ProjectConfigurationPlatforms) = postSolution
		{65BEFD4C-5381-45C8-B0FC-A6457BC8B157}.Debug|Any CPU.ActiveCfg = Debug|Any CPU
		{65BEFD4C-5381-45C8-B0FC-A6457BC8B157}.Debug|Any CPU.Build.0 = Debug|Any CPU
		{65BEFD4C-5381-45C8-B0FC-A6457BC8B157}.Release|Any CPU.ActiveCfg = Release|Any CPU
		{65BEFD4C-5381-45C8-B0FC-A6457BC8B157}.Release|Any CPU.Build.0 = Release|Any CPU
	EndGlobalSection
	GlobalSection(SolutionProperties) = preSolution
		HideSolutionNode = FALSE
	EndGlobalSection
	GlobalSection(ExtensibilityGlobals) = postSolution
		SolutionGuid = {F440EBA8-714B-4677-AE72-8519B720A616}
	EndGlobalSection
EndGlobal
